
Microsoft Visual Studio Solution File, Format Version 12.00
# Visual Studio 15
VisualStudioVersion = 15.0.25807.0
MinimumVisualStudioVersion = 10.0.40219.1
Project("{2150E333-8FDC-42A3-9474-1A3956D46DE8}") = "Engine", "Engine", "{18BD8FD3-423E-45F9-80B5-4D63440CD09B}"
EndProject
Project("{2150E333-8FDC-42A3-9474-1A3956D46DE8}") = "Games", "Games", "{3DD55180-AAB5-404E-B6FD-621FACC34CD4}"
EndProject
Project("{8BC9CEB8-8B4A-11D0-8D11-00A0C91BC942}") = "UE4", "Intermediate\ProjectFiles\UE4.vcxproj", "{AEA541BC-417E-4411-B6B9-1C5A61A8967F}"
EndProject
Project("{8BC9CEB8-8B4A-11D0-8D11-00A0C91BC942}") = "U02_Character", "Intermediate\ProjectFiles\U02_Character.vcxproj", "{F9DF60B6-4070-4290-9C00-8D77D75480CD}"
EndProject
Global
	GlobalSection(SolutionConfigurationPlatforms) = preSolution
		DebugGame Editor|HTML5 = DebugGame Editor|HTML5
		DebugGame Editor|Win32 = DebugGame Editor|Win32
		DebugGame Editor|Win64 = DebugGame Editor|Win64
		DebugGame|HTML5 = DebugGame|HTML5
		DebugGame|Win32 = DebugGame|Win32
		DebugGame|Win64 = DebugGame|Win64
		Development Editor|HTML5 = Development Editor|HTML5
		Development Editor|Win32 = Development Editor|Win32
		Development Editor|Win64 = Development Editor|Win64
		Development|HTML5 = Development|HTML5
		Development|Win32 = Development|Win32
		Development|Win64 = Development|Win64
		Shipping|HTML5 = Shipping|HTML5
		Shipping|Win32 = Shipping|Win32
		Shipping|Win64 = Shipping|Win64
	EndGlobalSection
	GlobalSection(ProjectConfigurationPlatforms) = postSolution
		{AEA541BC-417E-4411-B6B9-1C5A61A8967F}.DebugGame Editor|HTML5.ActiveCfg = BuiltWithUnrealBuildTool|Win32
		{AEA541BC-417E-4411-B6B9-1C5A61A8967F}.DebugGame Editor|HTML5.Build.0 = BuiltWithUnrealBuildTool|Win32
		{AEA541BC-417E-4411-B6B9-1C5A61A8967F}.DebugGame Editor|Win32.ActiveCfg = BuiltWithUnrealBuildTool|Win32
		{AEA541BC-417E-4411-B6B9-1C5A61A8967F}.DebugGame Editor|Win32.Build.0 = BuiltWithUnrealBuildTool|Win32
		{AEA541BC-417E-4411-B6B9-1C5A61A8967F}.DebugGame Editor|Win64.ActiveCfg = BuiltWithUnrealBuildTool|Win32
		{AEA541BC-417E-4411-B6B9-1C5A61A8967F}.DebugGame Editor|Win64.Build.0 = BuiltWithUnrealBuildTool|Win32
		{AEA541BC-417E-4411-B6B9-1C5A61A8967F}.DebugGame|HTML5.ActiveCfg = BuiltWithUnrealBuildTool|Win32
		{AEA541BC-417E-4411-B6B9-1C5A61A8967F}.DebugGame|HTML5.Build.0 = BuiltWithUnrealBuildTool|Win32
		{AEA541BC-417E-4411-B6B9-1C5A61A8967F}.DebugGame|Win32.ActiveCfg = BuiltWithUnrealBuildTool|Win32
		{AEA541BC-417E-4411-B6B9-1C5A61A8967F}.DebugGame|Win32.Build.0 = BuiltWithUnrealBuildTool|Win32
		{AEA541BC-417E-4411-B6B9-1C5A61A8967F}.DebugGame|Win64.ActiveCfg = BuiltWithUnrealBuildTool|Win32
		{AEA541BC-417E-4411-B6B9-1C5A61A8967F}.DebugGame|Win64.Build.0 = BuiltWithUnrealBuildTool|Win32
		{AEA541BC-417E-4411-B6B9-1C5A61A8967F}.Development Editor|HTML5.ActiveCfg = BuiltWithUnrealBuildTool|Win32
		{AEA541BC-417E-4411-B6B9-1C5A61A8967F}.Development Editor|HTML5.Build.0 = BuiltWithUnrealBuildTool|Win32
		{AEA541BC-417E-4411-B6B9-1C5A61A8967F}.Development Editor|Win32.ActiveCfg = BuiltWithUnrealBuildTool|Win32
		{AEA541BC-417E-4411-B6B9-1C5A61A8967F}.Development Editor|Win32.Build.0 = BuiltWithUnrealBuildTool|Win32
		{AEA541BC-417E-4411-B6B9-1C5A61A8967F}.Development Editor|Win64.ActiveCfg = BuiltWithUnrealBuildTool|Win32
		{AEA541BC-417E-4411-B6B9-1C5A61A8967F}.Development Editor|Win64.Build.0 = BuiltWithUnrealBuildTool|Win32
		{AEA541BC-417E-4411-B6B9-1C5A61A8967F}.Development|HTML5.ActiveCfg = BuiltWithUnrealBuildTool|Win32
		{AEA541BC-417E-4411-B6B9-1C5A61A8967F}.Development|HTML5.Build.0 = BuiltWithUnrealBuildTool|Win32
		{AEA541BC-417E-4411-B6B9-1C5A61A8967F}.Development|Win32.ActiveCfg = BuiltWithUnrealBuildTool|Win32
		{AEA541BC-417E-4411-B6B9-1C5A61A8967F}.Development|Win32.Build.0 = BuiltWithUnrealBuildTool|Win32
		{AEA541BC-417E-4411-B6B9-1C5A61A8967F}.Development|Win64.ActiveCfg = BuiltWithUnrealBuildTool|Win32
		{AEA541BC-417E-4411-B6B9-1C5A61A8967F}.Development|Win64.Build.0 = BuiltWithUnrealBuildTool|Win32
		{AEA541BC-417E-4411-B6B9-1C5A61A8967F}.Shipping|HTML5.ActiveCfg = BuiltWithUnrealBuildTool|Win32
		{AEA541BC-417E-4411-B6B9-1C5A61A8967F}.Shipping|HTML5.Build.0 = BuiltWithUnrealBuildTool|Win32
		{AEA541BC-417E-4411-B6B9-1C5A61A8967F}.Shipping|Win32.ActiveCfg = BuiltWithUnrealBuildTool|Win32
		{AEA541BC-417E-4411-B6B9-1C5A61A8967F}.Shipping|Win32.Build.0 = BuiltWithUnrealBuildTool|Win32
		{AEA541BC-417E-4411-B6B9-1C5A61A8967F}.Shipping|Win64.ActiveCfg = BuiltWithUnrealBuildTool|Win32
		{AEA541BC-417E-4411-B6B9-1C5A61A8967F}.Shipping|Win64.Build.0 = BuiltWithUnrealBuildTool|Win32
		{F9DF60B6-4070-4290-9C00-8D77D75480CD}.DebugGame Editor|HTML5.ActiveCfg = HTML5_DebugGame_Editor|Win32
		{F9DF60B6-4070-4290-9C00-8D77D75480CD}.DebugGame Editor|Win32.ActiveCfg = DebugGame_Editor|Win32
		{F9DF60B6-4070-4290-9C00-8D77D75480CD}.DebugGame Editor|Win64.ActiveCfg = DebugGame_Editor|x64
		{F9DF60B6-4070-4290-9C00-8D77D75480CD}.DebugGame Editor|Win64.Build.0 = DebugGame_Editor|x64
		{F9DF60B6-4070-4290-9C00-8D77D75480CD}.DebugGame|HTML5.ActiveCfg = HTML5_DebugGame_Game|Win32
		{F9DF60B6-4070-4290-9C00-8D77D75480CD}.DebugGame|HTML5.Build.0 = HTML5_DebugGame_Game|Win32
		{F9DF60B6-4070-4290-9C00-8D77D75480CD}.DebugGame|Win32.ActiveCfg = DebugGame_Game|Win32
		{F9DF60B6-4070-4290-9C00-8D77D75480CD}.DebugGame|Win32.Build.0 = DebugGame_Game|Win32
		{F9DF60B6-4070-4290-9C00-8D77D75480CD}.DebugGame|Win64.ActiveCfg = DebugGame_Game|x64
		{F9DF60B6-4070-4290-9C00-8D77D75480CD}.DebugGame|Win64.Build.0 = DebugGame_Game|x64
		{F9DF60B6-4070-4290-9C00-8D77D75480CD}.Development Editor|HTML5.ActiveCfg = HTML5_Development_Editor|Win32
		{F9DF60B6-4070-4290-9C00-8D77D75480CD}.Development Editor|Win32.ActiveCfg = Development_Editor|Win32
		{F9DF60B6-4070-4290-9C00-8D77D75480CD}.Development Editor|Win64.ActiveCfg = Development_Editor|x64
		{F9DF60B6-4070-4290-9C00-8D77D75480CD}.Development Editor|Win64.Build.0 = Development_Editor|x64
		{F9DF60B6-4070-4290-9C00-8D77D75480CD}.Development|HTML5.ActiveCfg = HTML5_Development_Game|Win32
		{F9DF60B6-4070-4290-9C00-8D77D75480CD}.Development|HTML5.Build.0 = HTML5_Development_Game|Win32
		{F9DF60B6-4070-4290-9C00-8D77D75480CD}.Development|Win32.ActiveCfg = Development_Game|Win32
		{F9DF60B6-4070-4290-9C00-8D77D75480CD}.Development|Win32.Build.0 = Development_Game|Win32
		{F9DF60B6-4070-4290-9C00-8D77D75480CD}.Development|Win64.ActiveCfg = Development_Game|x64
		{F9DF60B6-4070-4290-9C00-8D77D75480CD}.Development|Win64.Build.0 = Development_Game|x64
		{F9DF60B6-4070-4290-9C00-8D77D75480CD}.Shipping|HTML5.ActiveCfg = HTML5_Shipping_Game|Win32
		{F9DF60B6-4070-4290-9C00-8D77D75480CD}.Shipping|HTML5.Build.0 = HTML5_Shipping_Game|Win32
		{F9DF60B6-4070-4290-9C00-8D77D75480CD}.Shipping|Win32.ActiveCfg = Shipping_Game|Win32
		{F9DF60B6-4070-4290-9C00-8D77D75480CD}.Shipping|Win32.Build.0 = Shipping_Game|Win32
		{F9DF60B6-4070-4290-9C00-8D77D75480CD}.Shipping|Win64.ActiveCfg = Shipping_Game|x64
		{F9DF60B6-4070-4290-9C00-8D77D75480CD}.Shipping|Win64.Build.0 = Shipping_Game|x64
	EndGlobalSection
	GlobalSection(SolutionProperties) = preSolution
		HideSolutionNode = FALSE
	EndGlobalSection
	GlobalSection(NestedProjects) = preSolution
		{AEA541BC-417E-4411-B6B9-1C5A61A8967F} = {18BD8FD3-423E-45F9-80B5-4D63440CD09B}
		{F9DF60B6-4070-4290-9C00-8D77D75480CD} = {3DD55180-AAB5-404E-B6FD-621FACC34CD4}
	EndGlobalSection
	GlobalSection(ExtensibilityGlobals) = postSolution
		SolutionGuid = {CDA5BCA3-5048-4FB2-BBDA-33432C765A13}
	EndGlobalSection
EndGlobal
