
Microsoft Visual Studio Solution File, Format Version 12.00
# Visual Studio 15
VisualStudioVersion = 15.0.25807.0
MinimumVisualStudioVersion = 10.0.40219.1
Project("{2150E333-8FDC-42A3-9474-1A3956D46DE8}") = "Engine", "Engine", "{E1E4EB0B-D77E-4145-82EA-BD1AC0008031}"
EndProject
Project("{2150E333-8FDC-42A3-9474-1A3956D46DE8}") = "Games", "Games", "{B8320A4F-A893-484F-BC32-2C5476A56A85}"
EndProject
Project("{8BC9CEB8-8B4A-11D0-8D11-00A0C91BC942}") = "UE4", "Intermediate\ProjectFiles\UE4.vcxproj", "{BED58499-444E-490F-8A87-681EEDD0093C}"
EndProject
Project("{8BC9CEB8-8B4A-11D0-8D11-00A0C91BC942}") = "U02_Character", "Intermediate\ProjectFiles\U02_Character.vcxproj", "{17FF3366-6A8D-45C2-AEFC-5DD881884E0D}"
EndProject
Global
	GlobalSection(SolutionConfigurationPlatforms) = preSolution
		DebugGame Editor|HTML5 = DebugGame Editor|HTML5
		DebugGame Editor|Win32 = DebugGame Editor|Win32
		DebugGame Editor|Win64 = DebugGame Editor|Win64
		DebugGame|HTML5 = DebugGame|HTML5
		DebugGame|Win32 = DebugGame|Win32
		DebugGame|Win64 = DebugGame|Win64
		Development Editor|HTML5 = Development Editor|HTML5
		Development Editor|Win32 = Development Editor|Win32
		Development Editor|Win64 = Development Editor|Win64
		Development|HTML5 = Development|HTML5
		Development|Win32 = Development|Win32
		Development|Win64 = Development|Win64
		Shipping|HTML5 = Shipping|HTML5
		Shipping|Win32 = Shipping|Win32
		Shipping|Win64 = Shipping|Win64
	EndGlobalSection
	GlobalSection(ProjectConfigurationPlatforms) = postSolution
		{BED58499-444E-490F-8A87-681EEDD0093C}.DebugGame Editor|HTML5.ActiveCfg = BuiltWithUnrealBuildTool|Win32
		{BED58499-444E-490F-8A87-681EEDD0093C}.DebugGame Editor|HTML5.Build.0 = BuiltWithUnrealBuildTool|Win32
		{BED58499-444E-490F-8A87-681EEDD0093C}.DebugGame Editor|Win32.ActiveCfg = BuiltWithUnrealBuildTool|Win32
		{BED58499-444E-490F-8A87-681EEDD0093C}.DebugGame Editor|Win32.Build.0 = BuiltWithUnrealBuildTool|Win32
		{BED58499-444E-490F-8A87-681EEDD0093C}.DebugGame Editor|Win64.ActiveCfg = BuiltWithUnrealBuildTool|Win32
		{BED58499-444E-490F-8A87-681EEDD0093C}.DebugGame Editor|Win64.Build.0 = BuiltWithUnrealBuildTool|Win32
		{BED58499-444E-490F-8A87-681EEDD0093C}.DebugGame|HTML5.ActiveCfg = BuiltWithUnrealBuildTool|Win32
		{BED58499-444E-490F-8A87-681EEDD0093C}.DebugGame|HTML5.Build.0 = BuiltWithUnrealBuildTool|Win32
		{BED58499-444E-490F-8A87-681EEDD0093C}.DebugGame|Win32.ActiveCfg = BuiltWithUnrealBuildTool|Win32
		{BED58499-444E-490F-8A87-681EEDD0093C}.DebugGame|Win32.Build.0 = BuiltWithUnrealBuildTool|Win32
		{BED58499-444E-490F-8A87-681EEDD0093C}.DebugGame|Win64.ActiveCfg = BuiltWithUnrealBuildTool|Win32
		{BED58499-444E-490F-8A87-681EEDD0093C}.DebugGame|Win64.Build.0 = BuiltWithUnrealBuildTool|Win32
		{BED58499-444E-490F-8A87-681EEDD0093C}.Development Editor|HTML5.ActiveCfg = BuiltWithUnrealBuildTool|Win32
		{BED58499-444E-490F-8A87-681EEDD0093C}.Development Editor|HTML5.Build.0 = BuiltWithUnrealBuildTool|Win32
		{BED58499-444E-490F-8A87-681EEDD0093C}.Development Editor|Win32.ActiveCfg = BuiltWithUnrealBuildTool|Win32
		{BED58499-444E-490F-8A87-681EEDD0093C}.Development Editor|Win32.Build.0 = BuiltWithUnrealBuildTool|Win32
		{BED58499-444E-490F-8A87-681EEDD0093C}.Development Editor|Win64.ActiveCfg = BuiltWithUnrealBuildTool|Win32
		{BED58499-444E-490F-8A87-681EEDD0093C}.Development Editor|Win64.Build.0 = BuiltWithUnrealBuildTool|Win32
		{BED58499-444E-490F-8A87-681EEDD0093C}.Development|HTML5.ActiveCfg = BuiltWithUnrealBuildTool|Win32
		{BED58499-444E-490F-8A87-681EEDD0093C}.Development|HTML5.Build.0 = BuiltWithUnrealBuildTool|Win32
		{BED58499-444E-490F-8A87-681EEDD0093C}.Development|Win32.ActiveCfg = BuiltWithUnrealBuildTool|Win32
		{BED58499-444E-490F-8A87-681EEDD0093C}.Development|Win32.Build.0 = BuiltWithUnrealBuildTool|Win32
		{BED58499-444E-490F-8A87-681EEDD0093C}.Development|Win64.ActiveCfg = BuiltWithUnrealBuildTool|Win32
		{BED58499-444E-490F-8A87-681EEDD0093C}.Development|Win64.Build.0 = BuiltWithUnrealBuildTool|Win32
		{BED58499-444E-490F-8A87-681EEDD0093C}.Shipping|HTML5.ActiveCfg = BuiltWithUnrealBuildTool|Win32
		{BED58499-444E-490F-8A87-681EEDD0093C}.Shipping|HTML5.Build.0 = BuiltWithUnrealBuildTool|Win32
		{BED58499-444E-490F-8A87-681EEDD0093C}.Shipping|Win32.ActiveCfg = BuiltWithUnrealBuildTool|Win32
		{BED58499-444E-490F-8A87-681EEDD0093C}.Shipping|Win32.Build.0 = BuiltWithUnrealBuildTool|Win32
		{BED58499-444E-490F-8A87-681EEDD0093C}.Shipping|Win64.ActiveCfg = BuiltWithUnrealBuildTool|Win32
		{BED58499-444E-490F-8A87-681EEDD0093C}.Shipping|Win64.Build.0 = BuiltWithUnrealBuildTool|Win32
		{17FF3366-6A8D-45C2-AEFC-5DD881884E0D}.DebugGame Editor|HTML5.ActiveCfg = HTML5_DebugGame_Editor|Win32
		{17FF3366-6A8D-45C2-AEFC-5DD881884E0D}.DebugGame Editor|Win32.ActiveCfg = DebugGame_Editor|Win32
		{17FF3366-6A8D-45C2-AEFC-5DD881884E0D}.DebugGame Editor|Win64.ActiveCfg = DebugGame_Editor|x64
		{17FF3366-6A8D-45C2-AEFC-5DD881884E0D}.DebugGame Editor|Win64.Build.0 = DebugGame_Editor|x64
		{17FF3366-6A8D-45C2-AEFC-5DD881884E0D}.DebugGame|HTML5.ActiveCfg = HTML5_DebugGame_Game|Win32
		{17FF3366-6A8D-45C2-AEFC-5DD881884E0D}.DebugGame|HTML5.Build.0 = HTML5_DebugGame_Game|Win32
		{17FF3366-6A8D-45C2-AEFC-5DD881884E0D}.DebugGame|Win32.ActiveCfg = DebugGame_Game|Win32
		{17FF3366-6A8D-45C2-AEFC-5DD881884E0D}.DebugGame|Win32.Build.0 = DebugGame_Game|Win32
		{17FF3366-6A8D-45C2-AEFC-5DD881884E0D}.DebugGame|Win64.ActiveCfg = DebugGame_Game|x64
		{17FF3366-6A8D-45C2-AEFC-5DD881884E0D}.DebugGame|Win64.Build.0 = DebugGame_Game|x64
		{17FF3366-6A8D-45C2-AEFC-5DD881884E0D}.Development Editor|HTML5.ActiveCfg = HTML5_Development_Editor|Win32
		{17FF3366-6A8D-45C2-AEFC-5DD881884E0D}.Development Editor|Win32.ActiveCfg = Development_Editor|Win32
		{17FF3366-6A8D-45C2-AEFC-5DD881884E0D}.Development Editor|Win64.ActiveCfg = Development_Editor|x64
		{17FF3366-6A8D-45C2-AEFC-5DD881884E0D}.Development Editor|Win64.Build.0 = Development_Editor|x64
		{17FF3366-6A8D-45C2-AEFC-5DD881884E0D}.Development|HTML5.ActiveCfg = HTML5_Development_Game|Win32
		{17FF3366-6A8D-45C2-AEFC-5DD881884E0D}.Development|HTML5.Build.0 = HTML5_Development_Game|Win32
		{17FF3366-6A8D-45C2-AEFC-5DD881884E0D}.Development|Win32.ActiveCfg = Development_Game|Win32
		{17FF3366-6A8D-45C2-AEFC-5DD881884E0D}.Development|Win32.Build.0 = Development_Game|Win32
		{17FF3366-6A8D-45C2-AEFC-5DD881884E0D}.Development|Win64.ActiveCfg = Development_Game|x64
		{17FF3366-6A8D-45C2-AEFC-5DD881884E0D}.Development|Win64.Build.0 = Development_Game|x64
		{17FF3366-6A8D-45C2-AEFC-5DD881884E0D}.Shipping|HTML5.ActiveCfg = HTML5_Shipping_Game|Win32
		{17FF3366-6A8D-45C2-AEFC-5DD881884E0D}.Shipping|HTML5.Build.0 = HTML5_Shipping_Game|Win32
		{17FF3366-6A8D-45C2-AEFC-5DD881884E0D}.Shipping|Win32.ActiveCfg = Shipping_Game|Win32
		{17FF3366-6A8D-45C2-AEFC-5DD881884E0D}.Shipping|Win32.Build.0 = Shipping_Game|Win32
		{17FF3366-6A8D-45C2-AEFC-5DD881884E0D}.Shipping|Win64.ActiveCfg = Shipping_Game|x64
		{17FF3366-6A8D-45C2-AEFC-5DD881884E0D}.Shipping|Win64.Build.0 = Shipping_Game|x64
	EndGlobalSection
	GlobalSection(SolutionProperties) = preSolution
		HideSolutionNode = FALSE
	EndGlobalSection
	GlobalSection(NestedProjects) = preSolution
		{BED58499-444E-490F-8A87-681EEDD0093C} = {E1E4EB0B-D77E-4145-82EA-BD1AC0008031}
		{17FF3366-6A8D-45C2-AEFC-5DD881884E0D} = {B8320A4F-A893-484F-BC32-2C5476A56A85}
	EndGlobalSection
	GlobalSection(ExtensibilityGlobals) = postSolution
		SolutionGuid = {19286B7D-DCE5-4013-8774-D9EA6367F2E2}
	EndGlobalSection
EndGlobal
