
Microsoft Visual Studio Solution File, Format Version 12.00
# Visual Studio 15
VisualStudioVersion = 15.0.25807.0
MinimumVisualStudioVersion = 10.0.40219.1
Project("{2150E333-8FDC-42A3-9474-1A3956D46DE8}") = "Engine", "Engine", "{6753B81F-0983-49A6-8E35-743FB335A5FA}"
EndProject
Project("{2150E333-8FDC-42A3-9474-1A3956D46DE8}") = "Games", "Games", "{B81D2D82-A263-4EFE-88A4-D85194234CD3}"
EndProject
Project("{8BC9CEB8-8B4A-11D0-8D11-00A0C91BC942}") = "UE4", "Intermediate\ProjectFiles\UE4.vcxproj", "{87C15EDC-7152-4564-AB87-C1E75EFCC55D}"
EndProject
Project("{8BC9CEB8-8B4A-11D0-8D11-00A0C91BC942}") = "SGAUnreal", "Intermediate\ProjectFiles\SGAUnreal.vcxproj", "{85BE97B9-39DE-4647-95D8-0E84197371F9}"
EndProject
Global
	GlobalSection(SolutionConfigurationPlatforms) = preSolution
		DebugGame Editor|Win32 = DebugGame Editor|Win32
		DebugGame Editor|Win64 = DebugGame Editor|Win64
		DebugGame|Win32 = DebugGame|Win32
		DebugGame|Win64 = DebugGame|Win64
		Development Editor|Win32 = Development Editor|Win32
		Development Editor|Win64 = Development Editor|Win64
		Development|Win32 = Development|Win32
		Development|Win64 = Development|Win64
		Shipping|Win32 = Shipping|Win32
		Shipping|Win64 = Shipping|Win64
	EndGlobalSection
	GlobalSection(ProjectConfigurationPlatforms) = postSolution
		{87C15EDC-7152-4564-AB87-C1E75EFCC55D}.DebugGame Editor|Win32.ActiveCfg = BuiltWithUnrealBuildTool|Win32
		{87C15EDC-7152-4564-AB87-C1E75EFCC55D}.DebugGame Editor|Win32.Build.0 = BuiltWithUnrealBuildTool|Win32
		{87C15EDC-7152-4564-AB87-C1E75EFCC55D}.DebugGame Editor|Win64.ActiveCfg = BuiltWithUnrealBuildTool|Win32
		{87C15EDC-7152-4564-AB87-C1E75EFCC55D}.DebugGame Editor|Win64.Build.0 = BuiltWithUnrealBuildTool|Win32
		{87C15EDC-7152-4564-AB87-C1E75EFCC55D}.DebugGame|Win32.ActiveCfg = BuiltWithUnrealBuildTool|Win32
		{87C15EDC-7152-4564-AB87-C1E75EFCC55D}.DebugGame|Win32.Build.0 = BuiltWithUnrealBuildTool|Win32
		{87C15EDC-7152-4564-AB87-C1E75EFCC55D}.DebugGame|Win64.ActiveCfg = BuiltWithUnrealBuildTool|Win32
		{87C15EDC-7152-4564-AB87-C1E75EFCC55D}.DebugGame|Win64.Build.0 = BuiltWithUnrealBuildTool|Win32
		{87C15EDC-7152-4564-AB87-C1E75EFCC55D}.Development Editor|Win32.ActiveCfg = BuiltWithUnrealBuildTool|Win32
		{87C15EDC-7152-4564-AB87-C1E75EFCC55D}.Development Editor|Win32.Build.0 = BuiltWithUnrealBuildTool|Win32
		{87C15EDC-7152-4564-AB87-C1E75EFCC55D}.Development Editor|Win64.ActiveCfg = BuiltWithUnrealBuildTool|Win32
		{87C15EDC-7152-4564-AB87-C1E75EFCC55D}.Development Editor|Win64.Build.0 = BuiltWithUnrealBuildTool|Win32
		{87C15EDC-7152-4564-AB87-C1E75EFCC55D}.Development|Win32.ActiveCfg = BuiltWithUnrealBuildTool|Win32
		{87C15EDC-7152-4564-AB87-C1E75EFCC55D}.Development|Win32.Build.0 = BuiltWithUnrealBuildTool|Win32
		{87C15EDC-7152-4564-AB87-C1E75EFCC55D}.Development|Win64.ActiveCfg = BuiltWithUnrealBuildTool|Win32
		{87C15EDC-7152-4564-AB87-C1E75EFCC55D}.Development|Win64.Build.0 = BuiltWithUnrealBuildTool|Win32
		{87C15EDC-7152-4564-AB87-C1E75EFCC55D}.Shipping|Win32.ActiveCfg = BuiltWithUnrealBuildTool|Win32
		{87C15EDC-7152-4564-AB87-C1E75EFCC55D}.Shipping|Win32.Build.0 = BuiltWithUnrealBuildTool|Win32
		{87C15EDC-7152-4564-AB87-C1E75EFCC55D}.Shipping|Win64.ActiveCfg = BuiltWithUnrealBuildTool|Win32
		{87C15EDC-7152-4564-AB87-C1E75EFCC55D}.Shipping|Win64.Build.0 = BuiltWithUnrealBuildTool|Win32
		{85BE97B9-39DE-4647-95D8-0E84197371F9}.DebugGame Editor|Win32.ActiveCfg = DebugGame_Editor|Win32
		{85BE97B9-39DE-4647-95D8-0E84197371F9}.DebugGame Editor|Win64.ActiveCfg = DebugGame_Editor|x64
		{85BE97B9-39DE-4647-95D8-0E84197371F9}.DebugGame Editor|Win64.Build.0 = DebugGame_Editor|x64
		{85BE97B9-39DE-4647-95D8-0E84197371F9}.DebugGame|Win32.ActiveCfg = DebugGame_Game|Win32
		{85BE97B9-39DE-4647-95D8-0E84197371F9}.DebugGame|Win32.Build.0 = DebugGame_Game|Win32
		{85BE97B9-39DE-4647-95D8-0E84197371F9}.DebugGame|Win64.ActiveCfg = DebugGame_Game|x64
		{85BE97B9-39DE-4647-95D8-0E84197371F9}.DebugGame|Win64.Build.0 = DebugGame_Game|x64
		{85BE97B9-39DE-4647-95D8-0E84197371F9}.Development Editor|Win32.ActiveCfg = Development_Editor|Win32
		{85BE97B9-39DE-4647-95D8-0E84197371F9}.Development Editor|Win64.ActiveCfg = Development_Editor|x64
		{85BE97B9-39DE-4647-95D8-0E84197371F9}.Development Editor|Win64.Build.0 = Development_Editor|x64
		{85BE97B9-39DE-4647-95D8-0E84197371F9}.Development|Win32.ActiveCfg = Development_Game|Win32
		{85BE97B9-39DE-4647-95D8-0E84197371F9}.Development|Win32.Build.0 = Development_Game|Win32
		{85BE97B9-39DE-4647-95D8-0E84197371F9}.Development|Win64.ActiveCfg = Development_Game|x64
		{85BE97B9-39DE-4647-95D8-0E84197371F9}.Development|Win64.Build.0 = Development_Game|x64
		{85BE97B9-39DE-4647-95D8-0E84197371F9}.Shipping|Win32.ActiveCfg = Shipping_Game|Win32
		{85BE97B9-39DE-4647-95D8-0E84197371F9}.Shipping|Win32.Build.0 = Shipping_Game|Win32
		{85BE97B9-39DE-4647-95D8-0E84197371F9}.Shipping|Win64.ActiveCfg = Shipping_Game|x64
		{85BE97B9-39DE-4647-95D8-0E84197371F9}.Shipping|Win64.Build.0 = Shipping_Game|x64
	EndGlobalSection
	GlobalSection(SolutionProperties) = preSolution
		HideSolutionNode = FALSE
	EndGlobalSection
	GlobalSection(NestedProjects) = preSolution
		{87C15EDC-7152-4564-AB87-C1E75EFCC55D} = {6753B81F-0983-49A6-8E35-743FB335A5FA}
		{85BE97B9-39DE-4647-95D8-0E84197371F9} = {B81D2D82-A263-4EFE-88A4-D85194234CD3}
	EndGlobalSection
	GlobalSection(ExtensibilityGlobals) = postSolution
		SolutionGuid = {54F8804C-9084-4BE6-92CA-96172CB8AC75}
	EndGlobalSection
EndGlobal
